
Microsoft Visual Studio Solution File, Format Version 12.00
# Visual Studio 15
VisualStudioVersion = 15.0.28307.329
MinimumVisualStudioVersion = 10.0.40219.1
Project("{2150E333-8FDC-42A3-9474-1A3956D46DE8}") = "Solution Items", "Solution Items", "{4F9B458A-4566-4386-9253-0E0CDE844376}"
	ProjectSection(SolutionItems) = preProject
		.gitignore = .gitignore
	EndProjectSection
EndProject
Project("{9A19103F-16F7-4668-BE54-9A1E7A4F7556}") = "sqe-database-access", "sqe-database-access\sqe-database-access.csproj", "{260192E4-F9FE-4FD5-A478-558A6F611550}"
EndProject
Project("{9A19103F-16F7-4668-BE54-9A1E7A4F7556}") = "sqe-http-server", "sqe-http-server\sqe-http-server.csproj", "{36E20416-174C-4DD7-87F4-E35C6C39AD46}"
EndProject
Project("{2150E333-8FDC-42A3-9474-1A3956D46DE8}") = "docker", "docker", "{2342F74C-D461-45E2-BA99-72BD0C84F64B}"
	ProjectSection(SolutionItems) = preProject
		docker\Dockerfile = docker\Dockerfile
	EndProjectSection
EndProject
Project("{2150E333-8FDC-42A3-9474-1A3956D46DE8}") = "dev", "dev", "{645057D9-6167-4A7B-AF1C-4232A2CCAEC2}"
	ProjectSection(SolutionItems) = preProject
		docker\dev\docker-compose.yml = docker\dev\docker-compose.yml
	EndProjectSection
EndProject
Project("{2150E333-8FDC-42A3-9474-1A3956D46DE8}") = "deploy", "deploy", "{39232745-6408-429E-8726-5F5D4A44EC72}"
	ProjectSection(SolutionItems) = preProject
		docker\deploy\docker-compose.yml = docker\deploy\docker-compose.yml
	EndProjectSection
EndProject
Project("{9A19103F-16F7-4668-BE54-9A1E7A4F7556}") = "sqe-api-test", "sqe-api-test\sqe-api-test.csproj", "{C195B450-C6DE-40FE-A4D6-A44CC7978700}"
EndProject
Project("{FAE04EC0-301F-11D3-BF4B-00C04F79EFBC}") = "sqe-dto", "sqe-dto\sqe-dto.csproj", "{5F8259A5-620B-41E9-A61F-424FC4A4AA6C}"
EndProject
Project("{2150E333-8FDC-42A3-9474-1A3956D46DE8}") = "Utilities", "Utilities", "{055DC416-8BED-4A81-9E30-C802D05C9B50}"
EndProject
Project("{FAE04EC0-301F-11D3-BF4B-00C04F79EFBC}") = "GenerateTypescriptDTOs", "Utilities\GenerateTypescriptDTOs\GenerateTypescriptDTOs.csproj", "{CD5A6E67-04A3-41C0-AF00-233BE2BC79EC}"
EndProject
Project("{FAE04EC0-301F-11D3-BF4B-00C04F79EFBC}") = "sqe-api-service", "sqe-api-service\sqe-api-service.csproj", "{F0FAEED8-0B46-4A94-A45F-AEC58DB34EFB}"
EndProject
Project("{FAE04EC0-301F-11D3-BF4B-00C04F79EFBC}") = "sqe-realtime-hub-builder", "sqe-realtime-hub-builder\sqe-realtime-hub-builder.csproj", "{AD0639BF-9A1B-41FE-97A3-34B89B6A9B62}"
EndProject
Global
	GlobalSection(SolutionConfigurationPlatforms) = preSolution
		Debug|Any CPU = Debug|Any CPU
		Release|Any CPU = Release|Any CPU
	EndGlobalSection
	GlobalSection(ProjectConfigurationPlatforms) = postSolution
		{260192E4-F9FE-4FD5-A478-558A6F611550}.Debug|Any CPU.ActiveCfg = Debug|Any CPU
		{260192E4-F9FE-4FD5-A478-558A6F611550}.Debug|Any CPU.Build.0 = Debug|Any CPU
		{260192E4-F9FE-4FD5-A478-558A6F611550}.Release|Any CPU.ActiveCfg = Release|Any CPU
		{260192E4-F9FE-4FD5-A478-558A6F611550}.Release|Any CPU.Build.0 = Release|Any CPU
		{36E20416-174C-4DD7-87F4-E35C6C39AD46}.Debug|Any CPU.ActiveCfg = Debug|Any CPU
		{36E20416-174C-4DD7-87F4-E35C6C39AD46}.Debug|Any CPU.Build.0 = Debug|Any CPU
		{36E20416-174C-4DD7-87F4-E35C6C39AD46}.Release|Any CPU.ActiveCfg = Release|Any CPU
		{36E20416-174C-4DD7-87F4-E35C6C39AD46}.Release|Any CPU.Build.0 = Release|Any CPU
		{C195B450-C6DE-40FE-A4D6-A44CC7978700}.Debug|Any CPU.ActiveCfg = Debug|Any CPU
		{C195B450-C6DE-40FE-A4D6-A44CC7978700}.Debug|Any CPU.Build.0 = Debug|Any CPU
		{C195B450-C6DE-40FE-A4D6-A44CC7978700}.Release|Any CPU.ActiveCfg = Release|Any CPU
		{C195B450-C6DE-40FE-A4D6-A44CC7978700}.Release|Any CPU.Build.0 = Release|Any CPU
		{5F8259A5-620B-41E9-A61F-424FC4A4AA6C}.Debug|Any CPU.ActiveCfg = Debug|Any CPU
		{5F8259A5-620B-41E9-A61F-424FC4A4AA6C}.Debug|Any CPU.Build.0 = Debug|Any CPU
		{5F8259A5-620B-41E9-A61F-424FC4A4AA6C}.Release|Any CPU.ActiveCfg = Release|Any CPU
		{5F8259A5-620B-41E9-A61F-424FC4A4AA6C}.Release|Any CPU.Build.0 = Release|Any CPU
		{CD5A6E67-04A3-41C0-AF00-233BE2BC79EC}.Debug|Any CPU.ActiveCfg = Debug|Any CPU
		{CD5A6E67-04A3-41C0-AF00-233BE2BC79EC}.Debug|Any CPU.Build.0 = Debug|Any CPU
		{CD5A6E67-04A3-41C0-AF00-233BE2BC79EC}.Release|Any CPU.ActiveCfg = Release|Any CPU
		{CD5A6E67-04A3-41C0-AF00-233BE2BC79EC}.Release|Any CPU.Build.0 = Release|Any CPU
		{F0FAEED8-0B46-4A94-A45F-AEC58DB34EFB}.Debug|Any CPU.ActiveCfg = Debug|Any CPU
		{F0FAEED8-0B46-4A94-A45F-AEC58DB34EFB}.Debug|Any CPU.Build.0 = Debug|Any CPU
		{F0FAEED8-0B46-4A94-A45F-AEC58DB34EFB}.Release|Any CPU.ActiveCfg = Release|Any CPU
		{F0FAEED8-0B46-4A94-A45F-AEC58DB34EFB}.Release|Any CPU.Build.0 = Release|Any CPU
		{AD0639BF-9A1B-41FE-97A3-34B89B6A9B62}.Debug|Any CPU.ActiveCfg = Debug|Any CPU
		{AD0639BF-9A1B-41FE-97A3-34B89B6A9B62}.Debug|Any CPU.Build.0 = Debug|Any CPU
		{AD0639BF-9A1B-41FE-97A3-34B89B6A9B62}.Release|Any CPU.ActiveCfg = Release|Any CPU
		{AD0639BF-9A1B-41FE-97A3-34B89B6A9B62}.Release|Any CPU.Build.0 = Release|Any CPU
	EndGlobalSection
	GlobalSection(SolutionProperties) = preSolution
		HideSolutionNode = FALSE
	EndGlobalSection
	GlobalSection(NestedProjects) = preSolution
		{2342F74C-D461-45E2-BA99-72BD0C84F64B} = {4F9B458A-4566-4386-9253-0E0CDE844376}
		{645057D9-6167-4A7B-AF1C-4232A2CCAEC2} = {2342F74C-D461-45E2-BA99-72BD0C84F64B}
		{39232745-6408-429E-8726-5F5D4A44EC72} = {2342F74C-D461-45E2-BA99-72BD0C84F64B}
		{CD5A6E67-04A3-41C0-AF00-233BE2BC79EC} = {055DC416-8BED-4A81-9E30-C802D05C9B50}
	EndGlobalSection
	GlobalSection(ExtensibilityGlobals) = postSolution
		SolutionGuid = {28758AAA-F471-4702-917C-C7D7D498BA0C}
	EndGlobalSection
EndGlobal
